
Microsoft Visual Studio Solution File, Format Version 12.00
# Visual Studio 15
VisualStudioVersion = 15.0.28010.2036
MinimumVisualStudioVersion = 10.0.40219.1
Project("{FAE04EC0-301F-11D3-BF4B-00C04F79EFBC}") = "WebApplication1", "WebApplication1\WebApplication1.csproj", "{FF13C618-CB45-455A-B6C1-E3D040CFE28F}"
EndProject
Project("{FAE04EC0-301F-11D3-BF4B-00C04F79EFBC}") = "20181207", "..\..\Manage\c#\20181207.csproj", "{41F2D274-4533-4584-8D8E-AB5B5D83B49A}"
EndProject
Project("{FAE04EC0-301F-11D3-BF4B-00C04F79EFBC}") = "WindowsFormsApp1", "WindowsFormsApp1\WindowsFormsApp1.csproj", "{AE8202BD-2702-43B5-A434-8E7BD4CBCEC3}"
EndProject
Project("{54435603-DBB4-11D2-8724-00A0C9A8B90C}") = "Setup", "Setup\Setup.vdproj", "{038AA940-E633-4837-899C-589FB42CEB3C}"
EndProject
Global
	GlobalSection(SolutionConfigurationPlatforms) = preSolution
		Debug|Any CPU = Debug|Any CPU
		Release|Any CPU = Release|Any CPU
	EndGlobalSection
	GlobalSection(ProjectConfigurationPlatforms) = postSolution
		{FF13C618-CB45-455A-B6C1-E3D040CFE28F}.Debug|Any CPU.ActiveCfg = Debug|Any CPU
		{FF13C618-CB45-455A-B6C1-E3D040CFE28F}.Debug|Any CPU.Build.0 = Debug|Any CPU
		{FF13C618-CB45-455A-B6C1-E3D040CFE28F}.Release|Any CPU.ActiveCfg = Release|Any CPU
		{FF13C618-CB45-455A-B6C1-E3D040CFE28F}.Release|Any CPU.Build.0 = Release|Any CPU
		{41F2D274-4533-4584-8D8E-AB5B5D83B49A}.Debug|Any CPU.ActiveCfg = Debug|Any CPU
		{41F2D274-4533-4584-8D8E-AB5B5D83B49A}.Debug|Any CPU.Build.0 = Debug|Any CPU
		{41F2D274-4533-4584-8D8E-AB5B5D83B49A}.Release|Any CPU.ActiveCfg = Release|Any CPU
		{41F2D274-4533-4584-8D8E-AB5B5D83B49A}.Release|Any CPU.Build.0 = Release|Any CPU
		{AE8202BD-2702-43B5-A434-8E7BD4CBCEC3}.Debug|Any CPU.ActiveCfg = Debug|Any CPU
		{AE8202BD-2702-43B5-A434-8E7BD4CBCEC3}.Debug|Any CPU.Build.0 = Debug|Any CPU
		{AE8202BD-2702-43B5-A434-8E7BD4CBCEC3}.Release|Any CPU.ActiveCfg = Release|Any CPU
		{AE8202BD-2702-43B5-A434-8E7BD4CBCEC3}.Release|Any CPU.Build.0 = Release|Any CPU
		{038AA940-E633-4837-899C-589FB42CEB3C}.Debug|Any CPU.ActiveCfg = Debug
		{038AA940-E633-4837-899C-589FB42CEB3C}.Release|Any CPU.ActiveCfg = Release
	EndGlobalSection
	GlobalSection(SolutionProperties) = preSolution
		HideSolutionNode = FALSE
	EndGlobalSection
	GlobalSection(ExtensibilityGlobals) = postSolution
		SolutionGuid = {2BBD6DE3-B6F7-4470-99D0-D0CDEBE8CF51}
	EndGlobalSection
EndGlobal
